Microsoft Visual Studio Solution File, Format Version 8.00
Project("{8BC9CEB8-8B4A-11D0-8D11-00A0C91BC942}") = "Cry3DEngine", "Cry3DEngine\Cry3DEngine.vcproj", "{BCE47A67-3614-49D1-BCE7-4FD4DFD453FE}"
	ProjectSection(ProjectDependencies) = postProject
	EndProjectSection
EndProject
Project("{8BC9CEB8-8B4A-11D0-8D11-00A0C91BC942}") = "CryAISystem", "CryAISystem\CryAISystem.vcproj", "{07D7D59A-D2A1-4B62-AE29-F818542D231C}"
	ProjectSection(ProjectDependencies) = postProject
	EndProjectSection
EndProject
Project("{8BC9CEB8-8B4A-11D0-8D11-00A0C91BC942}") = "CryCommon", "CryCommon\CryCommon.vcproj", "{CC7E772A-D33D-4CDA-9F83-9281A7C48539}"
	ProjectSection(ProjectDependencies) = postProject
	EndProjectSection
EndProject
Project("{8BC9CEB8-8B4A-11D0-8D11-00A0C91BC942}") = "CryEntitySystem", "CryEntitySystem\CryEntitySystem.vcproj", "{ED25E8E5-3A18-4236-9FE2-06E706380C5C}"
	ProjectSection(ProjectDependencies) = postProject
	EndProjectSection
EndProject
Project("{8BC9CEB8-8B4A-11D0-8D11-00A0C91BC942}") = "CryFont", "CryFont\CryFont.vcproj", "{0FE76AE2-9814-4738-90E7-D45950952A27}"
	ProjectSection(ProjectDependencies) = postProject
	EndProjectSection
EndProject
Project("{8BC9CEB8-8B4A-11D0-8D11-00A0C91BC942}") = "CryGame", "CryGame\CryGame.vcproj", "{75A0E1EE-267F-4D2A-A90D-AE3604E7C733}"
	ProjectSection(ProjectDependencies) = postProject
	EndProjectSection
EndProject
Project("{8BC9CEB8-8B4A-11D0-8D11-00A0C91BC942}") = "CryInput", "CryInput\CryInput.vcproj", "{6B81BC85-356D-4D09-9C01-BC44A9386259}"
	ProjectSection(ProjectDependencies) = postProject
	EndProjectSection
EndProject
Project("{8BC9CEB8-8B4A-11D0-8D11-00A0C91BC942}") = "CryMovie", "CryMovie\CryMovie.vcproj", "{119CC33C-E31E-4A39-A38E-4AE64B8A359F}"
	ProjectSection(ProjectDependencies) = postProject
	EndProjectSection
EndProject
Project("{8BC9CEB8-8B4A-11D0-8D11-00A0C91BC942}") = "CryNetwork", "CryNetwork\CryNetwork.vcproj", "{4A4EE1C2-855E-48DB-815D-8AE882D3332F}"
	ProjectSection(ProjectDependencies) = postProject
	EndProjectSection
EndProject
Project("{8BC9CEB8-8B4A-11D0-8D11-00A0C91BC942}") = "CryPhysics", "CryPhysics\CryPhysics.vcproj", "{9F51A48A-EE94-4A94-AABA-C0C18B7B8774}"
	ProjectSection(ProjectDependencies) = postProject
	EndProjectSection
EndProject
Project("{8BC9CEB8-8B4A-11D0-8D11-00A0C91BC942}") = "CryScriptSystem", "CryScriptSystem\CryScriptSystem.vcproj", "{A52DDB05-9D2B-45F8-A85A-D1463E6CE7F0}"
	ProjectSection(ProjectDependencies) = postProject
	EndProjectSection
EndProject
Project("{8BC9CEB8-8B4A-11D0-8D11-00A0C91BC942}") = "CrySoundSystem", "CrySoundSystem\CrySoundSystem.vcproj", "{FD988D8E-914A-4463-A458-4568120E258C}"
	ProjectSection(ProjectDependencies) = postProject
	EndProjectSection
EndProject
Project("{8BC9CEB8-8B4A-11D0-8D11-00A0C91BC942}") = "XRenderOGL", "RenderDll\XRenderOGL\XRenderOGL.vcproj", "{41DE4587-989B-4341-9F67-2AE5EA201E5B}"
	ProjectSection(ProjectDependencies) = postProject
	EndProjectSection
EndProject
Project("{8BC9CEB8-8B4A-11D0-8D11-00A0C91BC942}") = "Editor", "Editor\Editor.vcproj", "{8E62D4F9-2AD9-45E3-B911-3D0BE2C60189}"
	ProjectSection(ProjectDependencies) = postProject
	EndProjectSection
EndProject
Project("{8BC9CEB8-8B4A-11D0-8D11-00A0C91BC942}") = "CryAnimation", "CryAnimation\CryAnimation.vcproj", "{7BB11400-AFC9-4439-89B3-A00122B44850}"
	ProjectSection(ProjectDependencies) = postProject
	EndProjectSection
EndProject
Project("{8BC9CEB8-8B4A-11D0-8D11-00A0C91BC942}") = "FarCry", "FarCry\FarCry.vcproj", "{371D7BDF-BD06-4CF1-A697-CE7CC57C107D}"
	ProjectSection(ProjectDependencies) = postProject
		{7BB11400-AFC9-4439-89B3-A00122B44850} = {7BB11400-AFC9-4439-89B3-A00122B44850}
		{A52DDB05-9D2B-45F8-A85A-D1463E6CE7F0} = {A52DDB05-9D2B-45F8-A85A-D1463E6CE7F0}
		{CC7E772A-D33D-4CDA-9F83-9281A7C48539} = {CC7E772A-D33D-4CDA-9F83-9281A7C48539}
		{119CC33C-E31E-4A39-A38E-4AE64B8A359F} = {119CC33C-E31E-4A39-A38E-4AE64B8A359F}
		{BCE47A67-3614-49D1-BCE7-4FD4DFD453FE} = {BCE47A67-3614-49D1-BCE7-4FD4DFD453FE}
		{6B81BC85-356D-4D09-9C01-BC44A9386259} = {6B81BC85-356D-4D09-9C01-BC44A9386259}
		{9F51A48A-EE94-4A94-AABA-C0C18B7B8774} = {9F51A48A-EE94-4A94-AABA-C0C18B7B8774}
		{FD988D8E-914A-4463-A458-4568120E258C} = {FD988D8E-914A-4463-A458-4568120E258C}
		{07D7D59A-D2A1-4B62-AE29-F818542D231C} = {07D7D59A-D2A1-4B62-AE29-F818542D231C}
		{2F21D2A8-925B-4A73-A32B-D111580614C3} = {2F21D2A8-925B-4A73-A32B-D111580614C3}
		{6711B2B2-6829-4314-A491-D01A29365658} = {6711B2B2-6829-4314-A491-D01A29365658}
		{4A4EE1C2-855E-48DB-815D-8AE882D3332F} = {4A4EE1C2-855E-48DB-815D-8AE882D3332F}
		{0FE76AE2-9814-4738-90E7-D45950952A27} = {0FE76AE2-9814-4738-90E7-D45950952A27}
		{ED25E8E5-3A18-4236-9FE2-06E706380C5C} = {ED25E8E5-3A18-4236-9FE2-06E706380C5C}
		{75A0E1EE-267F-4D2A-A90D-AE3604E7C733} = {75A0E1EE-267F-4D2A-A90D-AE3604E7C733}
		{43B9F5EF-C4FC-44FF-BEB0-70EFE792B6C0} = {43B9F5EF-C4FC-44FF-BEB0-70EFE792B6C0}
		{9F9FB6F5-D971-4887-B0AD-5C368DDAD90B} = {9F9FB6F5-D971-4887-B0AD-5C368DDAD90B}
	EndProjectSection
EndProject
Project("{8BC9CEB8-8B4A-11D0-8D11-00A0C91BC942}") = "CrySystem", "CrySystem\CrySystem.vcproj", "{9F9FB6F5-D971-4887-B0AD-5C368DDAD90B}"
	ProjectSection(ProjectDependencies) = postProject
	EndProjectSection
EndProject
Project("{8BC9CEB8-8B4A-11D0-8D11-00A0C91BC942}") = "XRenderD3D9", "RenderDll\xrenderd3d9\XRenderD3D9.vcproj", "{6711B2B2-6829-4314-A491-D01A29365658}"
	ProjectSection(ProjectDependencies) = postProject
	EndProjectSection
EndProject
Project("{8BC9CEB8-8B4A-11D0-8D11-00A0C91BC942}") = "XRenderNULL", "RenderDll\xrenderNULL\XRenderNULL.vcproj", "{1EE58697-2D3E-454A-BA80-2455F7EA14A0}"
	ProjectSection(ProjectDependencies) = postProject
	EndProjectSection
EndProject
Project("{8BC9CEB8-8B4A-11D0-8D11-00A0C91BC942}") = "ResourceCompiler", "ResourceCompiler\ResourceCompiler.vcproj", "{2F21D2A8-925B-4A73-A32B-D111580614C3}"
	ProjectSection(ProjectDependencies) = postProject
		{43B9F5EF-C4FC-44FF-BEB0-70EFE792B6C0} = {43B9F5EF-C4FC-44FF-BEB0-70EFE792B6C0}
	EndProjectSection
EndProject
Project("{8BC9CEB8-8B4A-11D0-8D11-00A0C91BC942}") = "ResourceCompilerPC", "ResourceCompilerPC\ResourceCompilerPC.vcproj", "{43B9F5EF-C4FC-44FF-BEB0-70EFE792B6C0}"
	ProjectSection(ProjectDependencies) = postProject
	EndProjectSection
EndProject
Project("{8BC9CEB8-8B4A-11D0-8D11-00A0C91BC942}") = "FarCry_WinSV", "FarCry_WinSV\FarCry_WinSV.vcproj", "{8FC8C385-9DDB-4D31-8B6D-7D4246A6EFAF}"
	ProjectSection(ProjectDependencies) = postProject
	EndProjectSection
EndProject
Global
	GlobalSection(SourceCodeControl) = preSolution
		SccNumberOfProjects = 23
		SccProjectName0 = Perforce\u0020Project
		SccLocalPath0 = .
		SccProvider0 = MSSCCI:Perforce\u0020SCM
		CanCheckoutShared = true
		SolutionUniqueID = {A06ECB99-3504-4046-98DD-CF1A6931A3BF}
		SccProjectUniqueName1 = RenderDll\\xrenderd3d9\\XRenderD3D9.vcproj
		SccLocalPath1 = RenderDll
		CanCheckoutShared = true
		SccProjectFilePathRelativizedFromConnection1 = xrenderd3d9\\
		SccProjectUniqueName2 = ResourceCompiler\\ResourceCompiler.vcproj
		SccLocalPath2 = .
		CanCheckoutShared = true
		SccProjectFilePathRelativizedFromConnection2 = ResourceCompiler\\
		SccProjectUniqueName3 = ResourceCompilerPC\\ResourceCompilerPC.vcproj
		SccLocalPath3 = ResourceCompilerPC
		CanCheckoutShared = true
		SccProjectUniqueName4 = CryAISystem\\CryAISystem.vcproj
		SccLocalPath4 = CryAISystem
		CanCheckoutShared = true
		SccProjectUniqueName5 = CryCommon\\CryCommon.vcproj
		SccLocalPath5 = CryCommon
		CanCheckoutShared = true
		SccProjectUniqueName6 = CryEntitySystem\\CryEntitySystem.vcproj
		SccLocalPath6 = CryEntitySystem
		CanCheckoutShared = true
		SccProjectUniqueName7 = CryFont\\CryFont.vcproj
		SccLocalPath7 = CryFont
		CanCheckoutShared = true
		SccProjectUniqueName8 = CryGame\\CryGame.vcproj
		SccLocalPath8 = CryGame
		CanCheckoutShared = true
		SccProjectUniqueName9 = CryInput\\CryInput.vcproj
		SccLocalPath9 = CryInput
		CanCheckoutShared = true
		SccProjectUniqueName10 = CryMovie\\CryMovie.vcproj
		SccLocalPath10 = CryMovie
		CanCheckoutShared = true
		SccProjectUniqueName11 = CryNetwork\\CryNetwork.vcproj
		SccLocalPath11 = CryNetwork
		CanCheckoutShared = true
		SccProjectUniqueName12 = CryPhysics\\CryPhysics.vcproj
		SccLocalPath12 = CryPhysics
		CanCheckoutShared = true
		SccProjectUniqueName13 = CryScriptSystem\\CryScriptSystem.vcproj
		SccLocalPath13 = CryScriptSystem
		CanCheckoutShared = true
		SccProjectUniqueName14 = CrySoundSystem\\CrySoundSystem.vcproj
		SccLocalPath14 = CrySoundSystem
		CanCheckoutShared = true
		SccProjectUniqueName15 = RenderDll\\XRenderOGL\\XRenderOGL.vcproj
		SccLocalPath15 = RenderDll
		CanCheckoutShared = true
		SccProjectFilePathRelativizedFromConnection15 = XRenderOGL\\
		SccProjectUniqueName16 = Editor\\Editor.vcproj
		SccLocalPath16 = Editor
		CanCheckoutShared = true
		SccProjectUniqueName17 = CryAnimation\\CryAnimation.vcproj
		SccLocalPath17 = CryAnimation
		CanCheckoutShared = true
		SccProjectUniqueName18 = FarCry\\FarCry.vcproj
		SccLocalPath18 = FarCry
		CanCheckoutShared = true
		SccProjectUniqueName19 = CrySystem\\CrySystem.vcproj
		SccLocalPath19 = CrySystem
		CanCheckoutShared = true
		SccProjectUniqueName20 = RenderDll\\xrenderNULL\\XRenderNULL.vcproj
		SccLocalPath20 = RenderDll
		CanCheckoutShared = true
		SccProjectFilePathRelativizedFromConnection20 = xrenderNULL\\
		SccProjectUniqueName21 = FarCry_WinSV\\FarCry_WinSV.vcproj
		SccLocalPath21 = FarCry_WinSV
		CanCheckoutShared = true
		SccProjectUniqueName22 = Cry3DEngine\\Cry3DEngine.vcproj
		SccLocalPath22 = Cry3DEngine
		CanCheckoutShared = true
	EndGlobalSection
	GlobalSection(SolutionConfiguration) = preSolution
		Debug = Debug
		Debug64 = Debug64
		Hybrid = Hybrid
		Hybrid Debug = Hybrid Debug
		Hybrid NDebug = Hybrid NDebug
		Hybrid64 = Hybrid64
		Profile = Profile
		Release = Release
		Release64 = Release64
	EndGlobalSection
	GlobalSection(ProjectConfiguration) = postSolution
		{BCE47A67-3614-49D1-BCE7-4FD4DFD453FE}.Debug.ActiveCfg = Debug|Win32
		{BCE47A67-3614-49D1-BCE7-4FD4DFD453FE}.Debug.Build.0 = Debug|Win32
		{BCE47A67-3614-49D1-BCE7-4FD4DFD453FE}.Debug64.ActiveCfg = Debug64|Win32
		{BCE47A67-3614-49D1-BCE7-4FD4DFD453FE}.Debug64.Build.0 = Debug64|Win32
		{BCE47A67-3614-49D1-BCE7-4FD4DFD453FE}.Hybrid.ActiveCfg = Profile|Win32
		{BCE47A67-3614-49D1-BCE7-4FD4DFD453FE}.Hybrid Debug.ActiveCfg = Debug|Win32
		{BCE47A67-3614-49D1-BCE7-4FD4DFD453FE}.Hybrid NDebug.ActiveCfg = Debug|Win32
		{BCE47A67-3614-49D1-BCE7-4FD4DFD453FE}.Hybrid64.ActiveCfg = Hybrid64|Win32
		{BCE47A67-3614-49D1-BCE7-4FD4DFD453FE}.Hybrid64.Build.0 = Hybrid64|Win32
		{BCE47A67-3614-49D1-BCE7-4FD4DFD453FE}.Profile.ActiveCfg = Profile|Win32
		{BCE47A67-3614-49D1-BCE7-4FD4DFD453FE}.Profile.Build.0 = Profile|Win32
		{BCE47A67-3614-49D1-BCE7-4FD4DFD453FE}.Release.ActiveCfg = Release|Win32
		{BCE47A67-3614-49D1-BCE7-4FD4DFD453FE}.Release.Build.0 = Release|Win32
		{BCE47A67-3614-49D1-BCE7-4FD4DFD453FE}.Release64.ActiveCfg = Release64|Win32
		{BCE47A67-3614-49D1-BCE7-4FD4DFD453FE}.Release64.Build.0 = Release64|Win32
		{07D7D59A-D2A1-4B62-AE29-F818542D231C}.Debug.ActiveCfg = Debug|Win32
		{07D7D59A-D2A1-4B62-AE29-F818542D231C}.Debug.Build.0 = Debug|Win32
		{07D7D59A-D2A1-4B62-AE29-F818542D231C}.Debug64.ActiveCfg = Debug64|Win32
		{07D7D59A-D2A1-4B62-AE29-F818542D231C}.Debug64.Build.0 = Debug64|Win32
		{07D7D59A-D2A1-4B62-AE29-F818542D231C}.Hybrid.ActiveCfg = Profile|Win32
		{07D7D59A-D2A1-4B62-AE29-F818542D231C}.Hybrid Debug.ActiveCfg = Debug|Win32
		{07D7D59A-D2A1-4B62-AE29-F818542D231C}.Hybrid NDebug.ActiveCfg = Debug|Win32
		{07D7D59A-D2A1-4B62-AE29-F818542D231C}.Hybrid64.ActiveCfg = Hybrid64|Win32
		{07D7D59A-D2A1-4B62-AE29-F818542D231C}.Hybrid64.Build.0 = Hybrid64|Win32
		{07D7D59A-D2A1-4B62-AE29-F818542D231C}.Profile.ActiveCfg = Profile|Win32
		{07D7D59A-D2A1-4B62-AE29-F818542D231C}.Profile.Build.0 = Profile|Win32
		{07D7D59A-D2A1-4B62-AE29-F818542D231C}.Release.ActiveCfg = Release|Win32
		{07D7D59A-D2A1-4B62-AE29-F818542D231C}.Release.Build.0 = Release|Win32
		{07D7D59A-D2A1-4B62-AE29-F818542D231C}.Release64.ActiveCfg = Release64|Win32
		{07D7D59A-D2A1-4B62-AE29-F818542D231C}.Release64.Build.0 = Release64|Win32
		{CC7E772A-D33D-4CDA-9F83-9281A7C48539}.Debug.ActiveCfg = Debug|Win32
		{CC7E772A-D33D-4CDA-9F83-9281A7C48539}.Debug.Build.0 = Debug|Win32
		{CC7E772A-D33D-4CDA-9F83-9281A7C48539}.Debug64.ActiveCfg = Debug|Win32
		{CC7E772A-D33D-4CDA-9F83-9281A7C48539}.Hybrid.ActiveCfg = Profile|Win32
		{CC7E772A-D33D-4CDA-9F83-9281A7C48539}.Hybrid Debug.ActiveCfg = Debug|Win32
		{CC7E772A-D33D-4CDA-9F83-9281A7C48539}.Hybrid NDebug.ActiveCfg = Debug|Win32
		{CC7E772A-D33D-4CDA-9F83-9281A7C48539}.Hybrid64.ActiveCfg = Profile|Win32
		{CC7E772A-D33D-4CDA-9F83-9281A7C48539}.Hybrid64.Build.0 = Profile|Win32
		{CC7E772A-D33D-4CDA-9F83-9281A7C48539}.Profile.ActiveCfg = Profile|Win32
		{CC7E772A-D33D-4CDA-9F83-9281A7C48539}.Profile.Build.0 = Profile|Win32
		{CC7E772A-D33D-4CDA-9F83-9281A7C48539}.Release.ActiveCfg = Release|Win32
		{CC7E772A-D33D-4CDA-9F83-9281A7C48539}.Release.Build.0 = Release|Win32
		{CC7E772A-D33D-4CDA-9F83-9281A7C48539}.Release64.ActiveCfg = Release|Win32
		{ED25E8E5-3A18-4236-9FE2-06E706380C5C}.Debug.ActiveCfg = Debug|Win32
		{ED25E8E5-3A18-4236-9FE2-06E706380C5C}.Debug.Build.0 = Debug|Win32
		{ED25E8E5-3A18-4236-9FE2-06E706380C5C}.Debug64.ActiveCfg = Debug64|Win32
		{ED25E8E5-3A18-4236-9FE2-06E706380C5C}.Debug64.Build.0 = Debug64|Win32
		{ED25E8E5-3A18-4236-9FE2-06E706380C5C}.Hybrid.ActiveCfg = Profile|Win32
		{ED25E8E5-3A18-4236-9FE2-06E706380C5C}.Hybrid Debug.ActiveCfg = Debug|Win32
		{ED25E8E5-3A18-4236-9FE2-06E706380C5C}.Hybrid NDebug.ActiveCfg = Debug|Win32
		{ED25E8E5-3A18-4236-9FE2-06E706380C5C}.Hybrid64.ActiveCfg = Hybrid64|Win32
		{ED25E8E5-3A18-4236-9FE2-06E706380C5C}.Hybrid64.Build.0 = Hybrid64|Win32
		{ED25E8E5-3A18-4236-9FE2-06E706380C5C}.Profile.ActiveCfg = Profile|Win32
		{ED25E8E5-3A18-4236-9FE2-06E706380C5C}.Profile.Build.0 = Profile|Win32
		{ED25E8E5-3A18-4236-9FE2-06E706380C5C}.Release.ActiveCfg = Release|Win32
		{ED25E8E5-3A18-4236-9FE2-06E706380C5C}.Release.Build.0 = Release|Win32
		{ED25E8E5-3A18-4236-9FE2-06E706380C5C}.Release64.ActiveCfg = Release64|Win32
		{ED25E8E5-3A18-4236-9FE2-06E706380C5C}.Release64.Build.0 = Release64|Win32
		{0FE76AE2-9814-4738-90E7-D45950952A27}.Debug.ActiveCfg = Debug|Win32
		{0FE76AE2-9814-4738-90E7-D45950952A27}.Debug.Build.0 = Debug|Win32
		{0FE76AE2-9814-4738-90E7-D45950952A27}.Debug64.ActiveCfg = Debug64|Win32
		{0FE76AE2-9814-4738-90E7-D45950952A27}.Debug64.Build.0 = Debug64|Win32
		{0FE76AE2-9814-4738-90E7-D45950952A27}.Hybrid.ActiveCfg = Profile|Win32
		{0FE76AE2-9814-4738-90E7-D45950952A27}.Hybrid Debug.ActiveCfg = Debug|Win32
		{0FE76AE2-9814-4738-90E7-D45950952A27}.Hybrid NDebug.ActiveCfg = Debug|Win32
		{0FE76AE2-9814-4738-90E7-D45950952A27}.Hybrid64.ActiveCfg = Hybrid64|Win32
		{0FE76AE2-9814-4738-90E7-D45950952A27}.Hybrid64.Build.0 = Hybrid64|Win32
		{0FE76AE2-9814-4738-90E7-D45950952A27}.Profile.ActiveCfg = Profile|Win32
		{0FE76AE2-9814-4738-90E7-D45950952A27}.Profile.Build.0 = Profile|Win32
		{0FE76AE2-9814-4738-90E7-D45950952A27}.Release.ActiveCfg = Release|Win32
		{0FE76AE2-9814-4738-90E7-D45950952A27}.Release.Build.0 = Release|Win32
		{0FE76AE2-9814-4738-90E7-D45950952A27}.Release64.ActiveCfg = Release64|Win32
		{0FE76AE2-9814-4738-90E7-D45950952A27}.Release64.Build.0 = Release64|Win32
		{75A0E1EE-267F-4D2A-A90D-AE3604E7C733}.Debug.ActiveCfg = Debug|Win32
		{75A0E1EE-267F-4D2A-A90D-AE3604E7C733}.Debug.Build.0 = Debug|Win32
		{75A0E1EE-267F-4D2A-A90D-AE3604E7C733}.Debug64.ActiveCfg = Debug64|Win32
		{75A0E1EE-267F-4D2A-A90D-AE3604E7C733}.Debug64.Build.0 = Debug64|Win32
		{75A0E1EE-267F-4D2A-A90D-AE3604E7C733}.Hybrid.ActiveCfg = Profile|Win32
		{75A0E1EE-267F-4D2A-A90D-AE3604E7C733}.Hybrid Debug.ActiveCfg = Debug|Win32
		{75A0E1EE-267F-4D2A-A90D-AE3604E7C733}.Hybrid NDebug.ActiveCfg = Debug|Win32
		{75A0E1EE-267F-4D2A-A90D-AE3604E7C733}.Hybrid64.ActiveCfg = Release64|Win32
		{75A0E1EE-267F-4D2A-A90D-AE3604E7C733}.Hybrid64.Build.0 = Release64|Win32
		{75A0E1EE-267F-4D2A-A90D-AE3604E7C733}.Profile.ActiveCfg = Profile|Win32
		{75A0E1EE-267F-4D2A-A90D-AE3604E7C733}.Profile.Build.0 = Profile|Win32
		{75A0E1EE-267F-4D2A-A90D-AE3604E7C733}.Release.ActiveCfg = Release|Win32
		{75A0E1EE-267F-4D2A-A90D-AE3604E7C733}.Release.Build.0 = Release|Win32
		{75A0E1EE-267F-4D2A-A90D-AE3604E7C733}.Release64.ActiveCfg = Release64|Win32
		{75A0E1EE-267F-4D2A-A90D-AE3604E7C733}.Release64.Build.0 = Release64|Win32
		{6B81BC85-356D-4D09-9C01-BC44A9386259}.Debug.ActiveCfg = Debug|Win32
		{6B81BC85-356D-4D09-9C01-BC44A9386259}.Debug.Build.0 = Debug|Win32
		{6B81BC85-356D-4D09-9C01-BC44A9386259}.Debug64.ActiveCfg = Debug64|Win32
		{6B81BC85-356D-4D09-9C01-BC44A9386259}.Debug64.Build.0 = Debug64|Win32
		{6B81BC85-356D-4D09-9C01-BC44A9386259}.Hybrid.ActiveCfg = Profile|Win32
		{6B81BC85-356D-4D09-9C01-BC44A9386259}.Hybrid Debug.ActiveCfg = Debug|Win32
		{6B81BC85-356D-4D09-9C01-BC44A9386259}.Hybrid NDebug.ActiveCfg = Debug|Win32
		{6B81BC85-356D-4D09-9C01-BC44A9386259}.Hybrid64.ActiveCfg = Hybrid64|Win32
		{6B81BC85-356D-4D09-9C01-BC44A9386259}.Hybrid64.Build.0 = Hybrid64|Win32
		{6B81BC85-356D-4D09-9C01-BC44A9386259}.Profile.ActiveCfg = Profile|Win32
		{6B81BC85-356D-4D09-9C01-BC44A9386259}.Profile.Build.0 = Profile|Win32
		{6B81BC85-356D-4D09-9C01-BC44A9386259}.Release.ActiveCfg = Release|Win32
		{6B81BC85-356D-4D09-9C01-BC44A9386259}.Release.Build.0 = Release|Win32
		{6B81BC85-356D-4D09-9C01-BC44A9386259}.Release64.ActiveCfg = Release64|Win32
		{6B81BC85-356D-4D09-9C01-BC44A9386259}.Release64.Build.0 = Release64|Win32
		{119CC33C-E31E-4A39-A38E-4AE64B8A359F}.Debug.ActiveCfg = Debug|Win32
		{119CC33C-E31E-4A39-A38E-4AE64B8A359F}.Debug.Build.0 = Debug|Win32
		{119CC33C-E31E-4A39-A38E-4AE64B8A359F}.Debug64.ActiveCfg = Debug64|Win32
		{119CC33C-E31E-4A39-A38E-4AE64B8A359F}.Debug64.Build.0 = Debug64|Win32
		{119CC33C-E31E-4A39-A38E-4AE64B8A359F}.Hybrid.ActiveCfg = Profile|Win32
		{119CC33C-E31E-4A39-A38E-4AE64B8A359F}.Hybrid Debug.ActiveCfg = Debug|Win32
		{119CC33C-E31E-4A39-A38E-4AE64B8A359F}.Hybrid NDebug.ActiveCfg = Debug|Win32
		{119CC33C-E31E-4A39-A38E-4AE64B8A359F}.Hybrid64.ActiveCfg = Hybrid64|Win32
		{119CC33C-E31E-4A39-A38E-4AE64B8A359F}.Hybrid64.Build.0 = Hybrid64|Win32
		{119CC33C-E31E-4A39-A38E-4AE64B8A359F}.Profile.ActiveCfg = Profile|Win32
		{119CC33C-E31E-4A39-A38E-4AE64B8A359F}.Profile.Build.0 = Profile|Win32
		{119CC33C-E31E-4A39-A38E-4AE64B8A359F}.Release.ActiveCfg = Release|Win32
		{119CC33C-E31E-4A39-A38E-4AE64B8A359F}.Release.Build.0 = Release|Win32
		{119CC33C-E31E-4A39-A38E-4AE64B8A359F}.Release64.ActiveCfg = Release64|Win32
		{119CC33C-E31E-4A39-A38E-4AE64B8A359F}.Release64.Build.0 = Release64|Win32
		{4A4EE1C2-855E-48DB-815D-8AE882D3332F}.Debug.ActiveCfg = Debug|Win32
		{4A4EE1C2-855E-48DB-815D-8AE882D3332F}.Debug.Build.0 = Debug|Win32
		{4A4EE1C2-855E-48DB-815D-8AE882D3332F}.Debug64.ActiveCfg = Debug64|Win32
		{4A4EE1C2-855E-48DB-815D-8AE882D3332F}.Debug64.Build.0 = Debug64|Win32
		{4A4EE1C2-855E-48DB-815D-8AE882D3332F}.Hybrid.ActiveCfg = Profile|Win32
		{4A4EE1C2-855E-48DB-815D-8AE882D3332F}.Hybrid Debug.ActiveCfg = Debug|Win32
		{4A4EE1C2-855E-48DB-815D-8AE882D3332F}.Hybrid NDebug.ActiveCfg = Debug|Win32
		{4A4EE1C2-855E-48DB-815D-8AE882D3332F}.Hybrid64.ActiveCfg = Hybrid64|Win32
		{4A4EE1C2-855E-48DB-815D-8AE882D3332F}.Hybrid64.Build.0 = Hybrid64|Win32
		{4A4EE1C2-855E-48DB-815D-8AE882D3332F}.Profile.ActiveCfg = Profile|Win32
		{4A4EE1C2-855E-48DB-815D-8AE882D3332F}.Profile.Build.0 = Profile|Win32
		{4A4EE1C2-855E-48DB-815D-8AE882D3332F}.Release.ActiveCfg = Release|Win32
		{4A4EE1C2-855E-48DB-815D-8AE882D3332F}.Release.Build.0 = Release|Win32
		{4A4EE1C2-855E-48DB-815D-8AE882D3332F}.Release64.ActiveCfg = Release64|Win32
		{4A4EE1C2-855E-48DB-815D-8AE882D3332F}.Release64.Build.0 = Release64|Win32
		{9F51A48A-EE94-4A94-AABA-C0C18B7B8774}.Debug.ActiveCfg = Debug|Win32
		{9F51A48A-EE94-4A94-AABA-C0C18B7B8774}.Debug.Build.0 = Debug|Win32
		{9F51A48A-EE94-4A94-AABA-C0C18B7B8774}.Debug64.ActiveCfg = Debug64|Win32
		{9F51A48A-EE94-4A94-AABA-C0C18B7B8774}.Debug64.Build.0 = Debug64|Win32
		{9F51A48A-EE94-4A94-AABA-C0C18B7B8774}.Hybrid.ActiveCfg = Profile|Win32
		{9F51A48A-EE94-4A94-AABA-C0C18B7B8774}.Hybrid Debug.ActiveCfg = Debug|Win32
		{9F51A48A-EE94-4A94-AABA-C0C18B7B8774}.Hybrid NDebug.ActiveCfg = Debug|Win32
		{9F51A48A-EE94-4A94-AABA-C0C18B7B8774}.Hybrid64.ActiveCfg = Hybrid64|Win32
		{9F51A48A-EE94-4A94-AABA-C0C18B7B8774}.Hybrid64.Build.0 = Hybrid64|Win32
		{9F51A48A-EE94-4A94-AABA-C0C18B7B8774}.Profile.ActiveCfg = Profile|Win32
		{9F51A48A-EE94-4A94-AABA-C0C18B7B8774}.Profile.Build.0 = Profile|Win32
		{9F51A48A-EE94-4A94-AABA-C0C18B7B8774}.Release.ActiveCfg = Release|Win32
		{9F51A48A-EE94-4A94-AABA-C0C18B7B8774}.Release.Build.0 = Release|Win32
		{9F51A48A-EE94-4A94-AABA-C0C18B7B8774}.Release64.ActiveCfg = Release64|Win32
		{9F51A48A-EE94-4A94-AABA-C0C18B7B8774}.Release64.Build.0 = Release64|Win32
		{A52DDB05-9D2B-45F8-A85A-D1463E6CE7F0}.Debug.ActiveCfg = Debug|Win32
		{A52DDB05-9D2B-45F8-A85A-D1463E6CE7F0}.Debug.Build.0 = Debug|Win32
		{A52DDB05-9D2B-45F8-A85A-D1463E6CE7F0}.Debug64.ActiveCfg = Debug64|Win32
		{A52DDB05-9D2B-45F8-A85A-D1463E6CE7F0}.Debug64.Build.0 = Debug64|Win32
		{A52DDB05-9D2B-45F8-A85A-D1463E6CE7F0}.Hybrid.ActiveCfg = Profile|Win32
		{A52DDB05-9D2B-45F8-A85A-D1463E6CE7F0}.Hybrid Debug.ActiveCfg = Debug|Win32
		{A52DDB05-9D2B-45F8-A85A-D1463E6CE7F0}.Hybrid NDebug.ActiveCfg = Debug|Win32
		{A52DDB05-9D2B-45F8-A85A-D1463E6CE7F0}.Hybrid64.ActiveCfg = Hybrid64|Win32
		{A52DDB05-9D2B-45F8-A85A-D1463E6CE7F0}.Hybrid64.Build.0 = Hybrid64|Win32
		{A52DDB05-9D2B-45F8-A85A-D1463E6CE7F0}.Profile.ActiveCfg = Profile|Win32
		{A52DDB05-9D2B-45F8-A85A-D1463E6CE7F0}.Profile.Build.0 = Profile|Win32
		{A52DDB05-9D2B-45F8-A85A-D1463E6CE7F0}.Release.ActiveCfg = Release|Win32
		{A52DDB05-9D2B-45F8-A85A-D1463E6CE7F0}.Release.Build.0 = Release|Win32
		{A52DDB05-9D2B-45F8-A85A-D1463E6CE7F0}.Release64.ActiveCfg = Release64|Win32
		{A52DDB05-9D2B-45F8-A85A-D1463E6CE7F0}.Release64.Build.0 = Release64|Win32
		{FD988D8E-914A-4463-A458-4568120E258C}.Debug.ActiveCfg = Debug|Win32
		{FD988D8E-914A-4463-A458-4568120E258C}.Debug.Build.0 = Debug|Win32
		{FD988D8E-914A-4463-A458-4568120E258C}.Debug64.ActiveCfg = Debug64|Win32
		{FD988D8E-914A-4463-A458-4568120E258C}.Debug64.Build.0 = Debug64|Win32
		{FD988D8E-914A-4463-A458-4568120E258C}.Hybrid.ActiveCfg = Profile|Win32
		{FD988D8E-914A-4463-A458-4568120E258C}.Hybrid Debug.ActiveCfg = Debug|Win32
		{FD988D8E-914A-4463-A458-4568120E258C}.Hybrid NDebug.ActiveCfg = Debug|Win32
		{FD988D8E-914A-4463-A458-4568120E258C}.Hybrid64.ActiveCfg = Release64|Win32
		{FD988D8E-914A-4463-A458-4568120E258C}.Hybrid64.Build.0 = Release64|Win32
		{FD988D8E-914A-4463-A458-4568120E258C}.Profile.ActiveCfg = Profile|Win32
		{FD988D8E-914A-4463-A458-4568120E258C}.Profile.Build.0 = Profile|Win32
		{FD988D8E-914A-4463-A458-4568120E258C}.Release.ActiveCfg = Release|Win32
		{FD988D8E-914A-4463-A458-4568120E258C}.Release.Build.0 = Release|Win32
		{FD988D8E-914A-4463-A458-4568120E258C}.Release64.ActiveCfg = Release64|Win32
		{FD988D8E-914A-4463-A458-4568120E258C}.Release64.Build.0 = Release64|Win32
		{41DE4587-989B-4341-9F67-2AE5EA201E5B}.Debug.ActiveCfg = Debug|Win32
		{41DE4587-989B-4341-9F67-2AE5EA201E5B}.Debug.Build.0 = Debug|Win32
		{41DE4587-989B-4341-9F67-2AE5EA201E5B}.Debug64.ActiveCfg = Debug64|Win32
		{41DE4587-989B-4341-9F67-2AE5EA201E5B}.Debug64.Build.0 = Debug64|Win32
		{41DE4587-989B-4341-9F67-2AE5EA201E5B}.Hybrid.ActiveCfg = Profile|Win32
		{41DE4587-989B-4341-9F67-2AE5EA201E5B}.Hybrid Debug.ActiveCfg = Debug|Win32
		{41DE4587-989B-4341-9F67-2AE5EA201E5B}.Hybrid NDebug.ActiveCfg = Debug|Win32
		{41DE4587-989B-4341-9F67-2AE5EA201E5B}.Hybrid64.ActiveCfg = Hybrid64|Win32
		{41DE4587-989B-4341-9F67-2AE5EA201E5B}.Hybrid64.Build.0 = Hybrid64|Win32
		{41DE4587-989B-4341-9F67-2AE5EA201E5B}.Profile.ActiveCfg = Profile|Win32
		{41DE4587-989B-4341-9F67-2AE5EA201E5B}.Profile.Build.0 = Profile|Win32
		{41DE4587-989B-4341-9F67-2AE5EA201E5B}.Release.ActiveCfg = Release|Win32
		{41DE4587-989B-4341-9F67-2AE5EA201E5B}.Release64.ActiveCfg = Release64|Win32
		{41DE4587-989B-4341-9F67-2AE5EA201E5B}.Release64.Build.0 = Release64|Win32
		{8E62D4F9-2AD9-45E3-B911-3D0BE2C60189}.Debug.ActiveCfg = Debug|Win32
		{8E62D4F9-2AD9-45E3-B911-3D0BE2C60189}.Debug.Build.0 = Debug|Win32
		{8E62D4F9-2AD9-45E3-B911-3D0BE2C60189}.Debug64.ActiveCfg = Debug64|Win32
		{8E62D4F9-2AD9-45E3-B911-3D0BE2C60189}.Hybrid.ActiveCfg = Release|Win32
		{8E62D4F9-2AD9-45E3-B911-3D0BE2C60189}.Hybrid Debug.ActiveCfg = Debug|Win32
		{8E62D4F9-2AD9-45E3-B911-3D0BE2C60189}.Hybrid NDebug.ActiveCfg = Debug|Win32
		{8E62D4F9-2AD9-45E3-B911-3D0BE2C60189}.Hybrid64.ActiveCfg = Debug64|Win32
		{8E62D4F9-2AD9-45E3-B911-3D0BE2C60189}.Hybrid64.Build.0 = Debug64|Win32
		{8E62D4F9-2AD9-45E3-B911-3D0BE2C60189}.Profile.ActiveCfg = Profile|Win32
		{8E62D4F9-2AD9-45E3-B911-3D0BE2C60189}.Profile.Build.0 = Profile|Win32
		{8E62D4F9-2AD9-45E3-B911-3D0BE2C60189}.Release.ActiveCfg = Release|Win32
		{8E62D4F9-2AD9-45E3-B911-3D0BE2C60189}.Release.Build.0 = Release|Win32
		{8E62D4F9-2AD9-45E3-B911-3D0BE2C60189}.Release64.ActiveCfg = Release64|Win32
		{8E62D4F9-2AD9-45E3-B911-3D0BE2C60189}.Release64.Build.0 = Release64|Win32
		{7BB11400-AFC9-4439-89B3-A00122B44850}.Debug.ActiveCfg = Debug|Win32
		{7BB11400-AFC9-4439-89B3-A00122B44850}.Debug.Build.0 = Debug|Win32
		{7BB11400-AFC9-4439-89B3-A00122B44850}.Debug64.ActiveCfg = Debug64|Win32
		{7BB11400-AFC9-4439-89B3-A00122B44850}.Debug64.Build.0 = Debug64|Win32
		{7BB11400-AFC9-4439-89B3-A00122B44850}.Hybrid.ActiveCfg = Profile|Win32
		{7BB11400-AFC9-4439-89B3-A00122B44850}.Hybrid Debug.ActiveCfg = Hybrid Debug|Win32
		{7BB11400-AFC9-4439-89B3-A00122B44850}.Hybrid NDebug.ActiveCfg = Hybrid NDebug|Win32
		{7BB11400-AFC9-4439-89B3-A00122B44850}.Hybrid64.ActiveCfg = Hybrid64|Win32
		{7BB11400-AFC9-4439-89B3-A00122B44850}.Hybrid64.Build.0 = Hybrid64|Win32
		{7BB11400-AFC9-4439-89B3-A00122B44850}.Profile.ActiveCfg = Profile|Win32
		{7BB11400-AFC9-4439-89B3-A00122B44850}.Profile.Build.0 = Profile|Win32
		{7BB11400-AFC9-4439-89B3-A00122B44850}.Release.ActiveCfg = Release|Win32
		{7BB11400-AFC9-4439-89B3-A00122B44850}.Release.Build.0 = Release|Win32
		{7BB11400-AFC9-4439-89B3-A00122B44850}.Release64.ActiveCfg = Release64|Win32
		{7BB11400-AFC9-4439-89B3-A00122B44850}.Release64.Build.0 = Release64|Win32
		{371D7BDF-BD06-4CF1-A697-CE7CC57C107D}.Debug.ActiveCfg = Debug|Win32
		{371D7BDF-BD06-4CF1-A697-CE7CC57C107D}.Debug.Build.0 = Debug|Win32
		{371D7BDF-BD06-4CF1-A697-CE7CC57C107D}.Debug64.ActiveCfg = Debug64|Win32
		{371D7BDF-BD06-4CF1-A697-CE7CC57C107D}.Debug64.Build.0 = Debug64|Win32
		{371D7BDF-BD06-4CF1-A697-CE7CC57C107D}.Hybrid.ActiveCfg = Release|Win32
		{371D7BDF-BD06-4CF1-A697-CE7CC57C107D}.Hybrid Debug.ActiveCfg = Debug|Win32
		{371D7BDF-BD06-4CF1-A697-CE7CC57C107D}.Hybrid NDebug.ActiveCfg = Debug|Win32
		{371D7BDF-BD06-4CF1-A697-CE7CC57C107D}.Hybrid64.ActiveCfg = Hybrid64|Win32
		{371D7BDF-BD06-4CF1-A697-CE7CC57C107D}.Hybrid64.Build.0 = Hybrid64|Win32
		{371D7BDF-BD06-4CF1-A697-CE7CC57C107D}.Profile.ActiveCfg = Profile|Win32
		{371D7BDF-BD06-4CF1-A697-CE7CC57C107D}.Profile.Build.0 = Profile|Win32
		{371D7BDF-BD06-4CF1-A697-CE7CC57C107D}.Release.ActiveCfg = Release|Win32
		{371D7BDF-BD06-4CF1-A697-CE7CC57C107D}.Release.Build.0 = Release|Win32
		{371D7BDF-BD06-4CF1-A697-CE7CC57C107D}.Release64.ActiveCfg = Release64|Win32
		{371D7BDF-BD06-4CF1-A697-CE7CC57C107D}.Release64.Build.0 = Release64|Win32
		{9F9FB6F5-D971-4887-B0AD-5C368DDAD90B}.Debug.ActiveCfg = Debug|Win32
		{9F9FB6F5-D971-4887-B0AD-5C368DDAD90B}.Debug.Build.0 = Debug|Win32
		{9F9FB6F5-D971-4887-B0AD-5C368DDAD90B}.Debug64.ActiveCfg = Debug64|Win32
		{9F9FB6F5-D971-4887-B0AD-5C368DDAD90B}.Debug64.Build.0 = Debug64|Win32
		{9F9FB6F5-D971-4887-B0AD-5C368DDAD90B}.Hybrid.ActiveCfg = Profile|Win32
		{9F9FB6F5-D971-4887-B0AD-5C368DDAD90B}.Hybrid Debug.ActiveCfg = Debug|Win32
		{9F9FB6F5-D971-4887-B0AD-5C368DDAD90B}.Hybrid NDebug.ActiveCfg = Debug|Win32
		{9F9FB6F5-D971-4887-B0AD-5C368DDAD90B}.Hybrid64.ActiveCfg = Hybrid64|Win32
		{9F9FB6F5-D971-4887-B0AD-5C368DDAD90B}.Hybrid64.Build.0 = Hybrid64|Win32
		{9F9FB6F5-D971-4887-B0AD-5C368DDAD90B}.Profile.ActiveCfg = Profile|Win32
		{9F9FB6F5-D971-4887-B0AD-5C368DDAD90B}.Profile.Build.0 = Profile|Win32
		{9F9FB6F5-D971-4887-B0AD-5C368DDAD90B}.Release.ActiveCfg = Release|Win32
		{9F9FB6F5-D971-4887-B0AD-5C368DDAD90B}.Release.Build.0 = Release|Win32
		{9F9FB6F5-D971-4887-B0AD-5C368DDAD90B}.Release64.ActiveCfg = Release64|Win32
		{9F9FB6F5-D971-4887-B0AD-5C368DDAD90B}.Release64.Build.0 = Release64|Win32
		{6711B2B2-6829-4314-A491-D01A29365658}.Debug.ActiveCfg = Debug|Win32
		{6711B2B2-6829-4314-A491-D01A29365658}.Debug.Build.0 = Debug|Win32
		{6711B2B2-6829-4314-A491-D01A29365658}.Debug64.ActiveCfg = Debug64|Win32
		{6711B2B2-6829-4314-A491-D01A29365658}.Hybrid.ActiveCfg = Debug|Win32
		{6711B2B2-6829-4314-A491-D01A29365658}.Hybrid.Build.0 = Debug|Win32
		{6711B2B2-6829-4314-A491-D01A29365658}.Hybrid Debug.ActiveCfg = Debug|Win32
		{6711B2B2-6829-4314-A491-D01A29365658}.Hybrid NDebug.ActiveCfg = Debug|Win32
		{6711B2B2-6829-4314-A491-D01A29365658}.Hybrid64.ActiveCfg = Hybrid64|Win32
		{6711B2B2-6829-4314-A491-D01A29365658}.Hybrid64.Build.0 = Hybrid64|Win32
		{6711B2B2-6829-4314-A491-D01A29365658}.Profile.ActiveCfg = Profile|Win32
		{6711B2B2-6829-4314-A491-D01A29365658}.Profile.Build.0 = Profile|Win32
		{6711B2B2-6829-4314-A491-D01A29365658}.Release.ActiveCfg = Release|Win32
		{6711B2B2-6829-4314-A491-D01A29365658}.Release.Build.0 = Release|Win32
		{6711B2B2-6829-4314-A491-D01A29365658}.Release64.ActiveCfg = Release64|Win32
		{6711B2B2-6829-4314-A491-D01A29365658}.Release64.Build.0 = Release64|Win32
		{1EE58697-2D3E-454A-BA80-2455F7EA14A0}.Debug.ActiveCfg = Debug|Win32
		{1EE58697-2D3E-454A-BA80-2455F7EA14A0}.Debug.Build.0 = Debug|Win32
		{1EE58697-2D3E-454A-BA80-2455F7EA14A0}.Debug64.ActiveCfg = Debug64|Win32
		{1EE58697-2D3E-454A-BA80-2455F7EA14A0}.Hybrid.ActiveCfg = Release|Win32
		{1EE58697-2D3E-454A-BA80-2455F7EA14A0}.Hybrid.Build.0 = Release|Win32
		{1EE58697-2D3E-454A-BA80-2455F7EA14A0}.Hybrid Debug.ActiveCfg = Debug|Win32
		{1EE58697-2D3E-454A-BA80-2455F7EA14A0}.Hybrid NDebug.ActiveCfg = Debug|Win32
		{1EE58697-2D3E-454A-BA80-2455F7EA14A0}.Hybrid64.ActiveCfg = Hybrid64|Win32
		{1EE58697-2D3E-454A-BA80-2455F7EA14A0}.Hybrid64.Build.0 = Hybrid64|Win32
		{1EE58697-2D3E-454A-BA80-2455F7EA14A0}.Profile.ActiveCfg = Profile|Win32
		{1EE58697-2D3E-454A-BA80-2455F7EA14A0}.Profile.Build.0 = Profile|Win32
		{1EE58697-2D3E-454A-BA80-2455F7EA14A0}.Release.ActiveCfg = Release|Win32
		{1EE58697-2D3E-454A-BA80-2455F7EA14A0}.Release.Build.0 = Release|Win32
		{1EE58697-2D3E-454A-BA80-2455F7EA14A0}.Release64.ActiveCfg = Release64|Win32
		{1EE58697-2D3E-454A-BA80-2455F7EA14A0}.Release64.Build.0 = Release64|Win32
		{2F21D2A8-925B-4A73-A32B-D111580614C3}.Debug.ActiveCfg = Debug|Win32
		{2F21D2A8-925B-4A73-A32B-D111580614C3}.Debug.Build.0 = Debug|Win32
		{2F21D2A8-925B-4A73-A32B-D111580614C3}.Debug64.ActiveCfg = Debug64|Win32
		{2F21D2A8-925B-4A73-A32B-D111580614C3}.Debug64.Build.0 = Debug64|Win32
		{2F21D2A8-925B-4A73-A32B-D111580614C3}.Hybrid.ActiveCfg = Release|Win32
		{2F21D2A8-925B-4A73-A32B-D111580614C3}.Hybrid.Build.0 = Release|Win32
		{2F21D2A8-925B-4A73-A32B-D111580614C3}.Hybrid Debug.ActiveCfg = Debug|Win32
		{2F21D2A8-925B-4A73-A32B-D111580614C3}.Hybrid Debug.Build.0 = Debug|Win32
		{2F21D2A8-925B-4A73-A32B-D111580614C3}.Hybrid NDebug.ActiveCfg = Debug|Win32
		{2F21D2A8-925B-4A73-A32B-D111580614C3}.Hybrid NDebug.Build.0 = Debug|Win32
		{2F21D2A8-925B-4A73-A32B-D111580614C3}.Hybrid64.ActiveCfg = Release64|Win32
		{2F21D2A8-925B-4A73-A32B-D111580614C3}.Hybrid64.Build.0 = Release64|Win32
		{2F21D2A8-925B-4A73-A32B-D111580614C3}.Profile.ActiveCfg = Release|Win32
		{2F21D2A8-925B-4A73-A32B-D111580614C3}.Profile.Build.0 = Release|Win32
		{2F21D2A8-925B-4A73-A32B-D111580614C3}.Release.ActiveCfg = Release|Win32
		{2F21D2A8-925B-4A73-A32B-D111580614C3}.Release.Build.0 = Release|Win32
		{2F21D2A8-925B-4A73-A32B-D111580614C3}.Release64.ActiveCfg = Release64|Win32
		{2F21D2A8-925B-4A73-A32B-D111580614C3}.Release64.Build.0 = Release64|Win32
		{43B9F5EF-C4FC-44FF-BEB0-70EFE792B6C0}.Debug.ActiveCfg = Debug|Win32
		{43B9F5EF-C4FC-44FF-BEB0-70EFE792B6C0}.Debug.Build.0 = Debug|Win32
		{43B9F5EF-C4FC-44FF-BEB0-70EFE792B6C0}.Debug64.ActiveCfg = Debug64|Win32
		{43B9F5EF-C4FC-44FF-BEB0-70EFE792B6C0}.Debug64.Build.0 = Debug64|Win32
		{43B9F5EF-C4FC-44FF-BEB0-70EFE792B6C0}.Hybrid.ActiveCfg = Release|Win32
		{43B9F5EF-C4FC-44FF-BEB0-70EFE792B6C0}.Hybrid.Build.0 = Release|Win32
		{43B9F5EF-C4FC-44FF-BEB0-70EFE792B6C0}.Hybrid Debug.ActiveCfg = Debug|Win32
		{43B9F5EF-C4FC-44FF-BEB0-70EFE792B6C0}.Hybrid Debug.Build.0 = Debug|Win32
		{43B9F5EF-C4FC-44FF-BEB0-70EFE792B6C0}.Hybrid NDebug.ActiveCfg = Debug|Win32
		{43B9F5EF-C4FC-44FF-BEB0-70EFE792B6C0}.Hybrid NDebug.Build.0 = Debug|Win32
		{43B9F5EF-C4FC-44FF-BEB0-70EFE792B6C0}.Hybrid64.ActiveCfg = Release64|Win32
		{43B9F5EF-C4FC-44FF-BEB0-70EFE792B6C0}.Hybrid64.Build.0 = Release64|Win32
		{43B9F5EF-C4FC-44FF-BEB0-70EFE792B6C0}.Profile.ActiveCfg = Release|Win32
		{43B9F5EF-C4FC-44FF-BEB0-70EFE792B6C0}.Profile.Build.0 = Release|Win32
		{43B9F5EF-C4FC-44FF-BEB0-70EFE792B6C0}.Release.ActiveCfg = Release|Win32
		{43B9F5EF-C4FC-44FF-BEB0-70EFE792B6C0}.Release.Build.0 = Release|Win32
		{43B9F5EF-C4FC-44FF-BEB0-70EFE792B6C0}.Release64.ActiveCfg = Release64|Win32
		{43B9F5EF-C4FC-44FF-BEB0-70EFE792B6C0}.Release64.Build.0 = Release64|Win32
		{8FC8C385-9DDB-4D31-8B6D-7D4246A6EFAF}.Debug.ActiveCfg = Debug|Win32
		{8FC8C385-9DDB-4D31-8B6D-7D4246A6EFAF}.Debug.Build.0 = Debug|Win32
		{8FC8C385-9DDB-4D31-8B6D-7D4246A6EFAF}.Debug64.ActiveCfg = Debug64|Win32
		{8FC8C385-9DDB-4D31-8B6D-7D4246A6EFAF}.Debug64.Build.0 = Debug64|Win32
		{8FC8C385-9DDB-4D31-8B6D-7D4246A6EFAF}.Hybrid.ActiveCfg = Hybrid64|Win32
		{8FC8C385-9DDB-4D31-8B6D-7D4246A6EFAF}.Hybrid.Build.0 = Hybrid64|Win32
		{8FC8C385-9DDB-4D31-8B6D-7D4246A6EFAF}.Hybrid Debug.ActiveCfg = Hybrid64|Win32
		{8FC8C385-9DDB-4D31-8B6D-7D4246A6EFAF}.Hybrid Debug.Build.0 = Hybrid64|Win32
		{8FC8C385-9DDB-4D31-8B6D-7D4246A6EFAF}.Hybrid NDebug.ActiveCfg = Hybrid64|Win32
		{8FC8C385-9DDB-4D31-8B6D-7D4246A6EFAF}.Hybrid NDebug.Build.0 = Hybrid64|Win32
		{8FC8C385-9DDB-4D31-8B6D-7D4246A6EFAF}.Hybrid64.ActiveCfg = Hybrid64|Win32
		{8FC8C385-9DDB-4D31-8B6D-7D4246A6EFAF}.Hybrid64.Build.0 = Hybrid64|Win32
		{8FC8C385-9DDB-4D31-8B6D-7D4246A6EFAF}.Profile.ActiveCfg = Profile|Win32
		{8FC8C385-9DDB-4D31-8B6D-7D4246A6EFAF}.Profile.Build.0 = Profile|Win32
		{8FC8C385-9DDB-4D31-8B6D-7D4246A6EFAF}.Release.ActiveCfg = Release|Win32
		{8FC8C385-9DDB-4D31-8B6D-7D4246A6EFAF}.Release.Build.0 = Release|Win32
		{8FC8C385-9DDB-4D31-8B6D-7D4246A6EFAF}.Release64.ActiveCfg = Release64|Win32
		{8FC8C385-9DDB-4D31-8B6D-7D4246A6EFAF}.Release64.Build.0 = Release64|Win32
	EndGlobalSection
	GlobalSection(ExtensibilityGlobals) = postSolution
		DPBuild = 5
	EndGlobalSection
	GlobalSection(ExtensibilityAddIns) = postSolution
	EndGlobalSection
	GlobalSection(DevPartner Solution Properties) = postSolution
	EndGlobalSection
	GlobalSection(DevPartner) = postSolution
	EndGlobalSection
	GlobalSection(DevPartner) = postSolution
	EndGlobalSection
	GlobalSection(DevPartner) = postSolution
	EndGlobalSection
	GlobalSection(DevPartner) = postSolution
	EndGlobalSection
	GlobalSection(DevPartner) = postSolution
	EndGlobalSection
	GlobalSection(DevPartner) = postSolution
	EndGlobalSection
	GlobalSection(DevPartner) = postSolution
	EndGlobalSection
	GlobalSection(DevPartner) = postSolution
	EndGlobalSection
	GlobalSection(DevPartner) = postSolution
	EndGlobalSection
	GlobalSection(DevPartner) = postSolution
	EndGlobalSection
	GlobalSection(DevPartner) = postSolution
	EndGlobalSection
	GlobalSection(DevPartner) = postSolution
	EndGlobalSection
	GlobalSection(DevPartner) = postSolution
	EndGlobalSection
	GlobalSection(DevPartner) = postSolution
	EndGlobalSection
	GlobalSection(DevPartner) = postSolution
	EndGlobalSection
	GlobalSection(DevPartner) = postSolution
	EndGlobalSection
	GlobalSection(DevPartner) = postSolution
	EndGlobalSection
EndGlobal
